
Microsoft Visual Studio Solution File, Format Version 12.00
# Visual Studio Version 17
VisualStudioVersion = 17.5.33530.505
MinimumVisualStudioVersion = 10.0.40219.1
Project("{FAE04EC0-301F-11D3-BF4B-00C04F79EFBC}") = "lab3", "lab3\lab3.csproj", "{8920AFE4-A1C5-4952-9558-186566F92F2D}"
EndProject
Project("{FAE04EC0-301F-11D3-BF4B-00C04F79EFBC}") = "3_1", "3_1\3_1.csproj", "{DD9DB4D4-C455-4D00-A821-24373EA7320F}"
EndProject
Project("{FAE04EC0-301F-11D3-BF4B-00C04F79EFBC}") = "3_3", "3_3\3_3.csproj", "{DA037F1E-6CBD-41CF-84DB-E88112601465}"
EndProject
Project("{FAE04EC0-301F-11D3-BF4B-00C04F79EFBC}") = "3_4", "3_4\3_4.csproj", "{5D874C85-D855-47C8-861E-D43F9A39CF8B}"
EndProject
Project("{FAE04EC0-301F-11D3-BF4B-00C04F79EFBC}") = "3_4_2", "3_4_2\3_4_2.csproj", "{17B4A00E-5D3A-40E9-A76A-04189B00033F}"
EndProject
Global
	GlobalSection(SolutionConfigurationPlatforms) = preSolution
		Debug|Any CPU = Debug|Any CPU
		Debug|x64 = Debug|x64
		Debug|x86 = Debug|x86
		Release|Any CPU = Release|Any CPU
		Release|x64 = Release|x64
		Release|x86 = Release|x86
	EndGlobalSection
	GlobalSection(ProjectConfigurationPlatforms) = postSolution
		{8920AFE4-A1C5-4952-9558-186566F92F2D}.Debug|Any CPU.ActiveCfg = Debug|Any CPU
		{8920AFE4-A1C5-4952-9558-186566F92F2D}.Debug|Any CPU.Build.0 = Debug|Any CPU
		{8920AFE4-A1C5-4952-9558-186566F92F2D}.Debug|x64.ActiveCfg = Debug|Any CPU
		{8920AFE4-A1C5-4952-9558-186566F92F2D}.Debug|x64.Build.0 = Debug|Any CPU
		{8920AFE4-A1C5-4952-9558-186566F92F2D}.Debug|x86.ActiveCfg = Debug|Any CPU
		{8920AFE4-A1C5-4952-9558-186566F92F2D}.Debug|x86.Build.0 = Debug|Any CPU
		{8920AFE4-A1C5-4952-9558-186566F92F2D}.Release|Any CPU.ActiveCfg = Release|Any CPU
		{8920AFE4-A1C5-4952-9558-186566F92F2D}.Release|Any CPU.Build.0 = Release|Any CPU
		{8920AFE4-A1C5-4952-9558-186566F92F2D}.Release|x64.ActiveCfg = Release|Any CPU
		{8920AFE4-A1C5-4952-9558-186566F92F2D}.Release|x64.Build.0 = Release|Any CPU
		{8920AFE4-A1C5-4952-9558-186566F92F2D}.Release|x86.ActiveCfg = Release|Any CPU
		{8920AFE4-A1C5-4952-9558-186566F92F2D}.Release|x86.Build.0 = Release|Any CPU
		{DD9DB4D4-C455-4D00-A821-24373EA7320F}.Debug|Any CPU.ActiveCfg = Debug|Any CPU
		{DD9DB4D4-C455-4D00-A821-24373EA7320F}.Debug|Any CPU.Build.0 = Debug|Any CPU
		{DD9DB4D4-C455-4D00-A821-24373EA7320F}.Debug|x64.ActiveCfg = Debug|Any CPU
		{DD9DB4D4-C455-4D00-A821-24373EA7320F}.Debug|x64.Build.0 = Debug|Any CPU
		{DD9DB4D4-C455-4D00-A821-24373EA7320F}.Debug|x86.ActiveCfg = Debug|Any CPU
		{DD9DB4D4-C455-4D00-A821-24373EA7320F}.Debug|x86.Build.0 = Debug|Any CPU
		{DD9DB4D4-C455-4D00-A821-24373EA7320F}.Release|Any CPU.ActiveCfg = Release|Any CPU
		{DD9DB4D4-C455-4D00-A821-24373EA7320F}.Release|Any CPU.Build.0 = Release|Any CPU
		{DD9DB4D4-C455-4D00-A821-24373EA7320F}.Release|x64.ActiveCfg = Release|Any CPU
		{DD9DB4D4-C455-4D00-A821-24373EA7320F}.Release|x64.Build.0 = Release|Any CPU
		{DD9DB4D4-C455-4D00-A821-24373EA7320F}.Release|x86.ActiveCfg = Release|Any CPU
		{DD9DB4D4-C455-4D00-A821-24373EA7320F}.Release|x86.Build.0 = Release|Any CPU
		{DA037F1E-6CBD-41CF-84DB-E88112601465}.Debug|Any CPU.ActiveCfg = Debug|Any CPU
		{DA037F1E-6CBD-41CF-84DB-E88112601465}.Debug|Any CPU.Build.0 = Debug|Any CPU
		{DA037F1E-6CBD-41CF-84DB-E88112601465}.Debug|x64.ActiveCfg = Debug|Any CPU
		{DA037F1E-6CBD-41CF-84DB-E88112601465}.Debug|x64.Build.0 = Debug|Any CPU
		{DA037F1E-6CBD-41CF-84DB-E88112601465}.Debug|x86.ActiveCfg = Debug|Any CPU
		{DA037F1E-6CBD-41CF-84DB-E88112601465}.Debug|x86.Build.0 = Debug|Any CPU
		{DA037F1E-6CBD-41CF-84DB-E88112601465}.Release|Any CPU.ActiveCfg = Release|Any CPU
		{DA037F1E-6CBD-41CF-84DB-E88112601465}.Release|Any CPU.Build.0 = Release|Any CPU
		{DA037F1E-6CBD-41CF-84DB-E88112601465}.Release|x64.ActiveCfg = Release|Any CPU
		{DA037F1E-6CBD-41CF-84DB-E88112601465}.Release|x64.Build.0 = Release|Any CPU
		{DA037F1E-6CBD-41CF-84DB-E88112601465}.Release|x86.ActiveCfg = Release|Any CPU
		{DA037F1E-6CBD-41CF-84DB-E88112601465}.Release|x86.Build.0 = Release|Any CPU
		{5D874C85-D855-47C8-861E-D43F9A39CF8B}.Debug|Any CPU.ActiveCfg = Debug|Any CPU
		{5D874C85-D855-47C8-861E-D43F9A39CF8B}.Debug|Any CPU.Build.0 = Debug|Any CPU
		{5D874C85-D855-47C8-861E-D43F9A39CF8B}.Debug|x64.ActiveCfg = Debug|Any CPU
		{5D874C85-D855-47C8-861E-D43F9A39CF8B}.Debug|x64.Build.0 = Debug|Any CPU
		{5D874C85-D855-47C8-861E-D43F9A39CF8B}.Debug|x86.ActiveCfg = Debug|Any CPU
		{5D874C85-D855-47C8-861E-D43F9A39CF8B}.Debug|x86.Build.0 = Debug|Any CPU
		{5D874C85-D855-47C8-861E-D43F9A39CF8B}.Release|Any CPU.ActiveCfg = Release|Any CPU
		{5D874C85-D855-47C8-861E-D43F9A39CF8B}.Release|Any CPU.Build.0 = Release|Any CPU
		{5D874C85-D855-47C8-861E-D43F9A39CF8B}.Release|x64.ActiveCfg = Release|Any CPU
		{5D874C85-D855-47C8-861E-D43F9A39CF8B}.Release|x64.Build.0 = Release|Any CPU
		{5D874C85-D855-47C8-861E-D43F9A39CF8B}.Release|x86.ActiveCfg = Release|Any CPU
		{5D874C85-D855-47C8-861E-D43F9A39CF8B}.Release|x86.Build.0 = Release|Any CPU
		{17B4A00E-5D3A-40E9-A76A-04189B00033F}.Debug|Any CPU.ActiveCfg = Debug|Any CPU
		{17B4A00E-5D3A-40E9-A76A-04189B00033F}.Debug|Any CPU.Build.0 = Debug|Any CPU
		{17B4A00E-5D3A-40E9-A76A-04189B00033F}.Debug|x64.ActiveCfg = Debug|Any CPU
		{17B4A00E-5D3A-40E9-A76A-04189B00033F}.Debug|x64.Build.0 = Debug|Any CPU
		{17B4A00E-5D3A-40E9-A76A-04189B00033F}.Debug|x86.ActiveCfg = Debug|Any CPU
		{17B4A00E-5D3A-40E9-A76A-04189B00033F}.Debug|x86.Build.0 = Debug|Any CPU
		{17B4A00E-5D3A-40E9-A76A-04189B00033F}.Release|Any CPU.ActiveCfg = Release|Any CPU
		{17B4A00E-5D3A-40E9-A76A-04189B00033F}.Release|Any CPU.Build.0 = Release|Any CPU
		{17B4A00E-5D3A-40E9-A76A-04189B00033F}.Release|x64.ActiveCfg = Release|Any CPU
		{17B4A00E-5D3A-40E9-A76A-04189B00033F}.Release|x64.Build.0 = Release|Any CPU
		{17B4A00E-5D3A-40E9-A76A-04189B00033F}.Release|x86.ActiveCfg = Release|Any CPU
		{17B4A00E-5D3A-40E9-A76A-04189B00033F}.Release|x86.Build.0 = Release|Any CPU
	EndGlobalSection
	GlobalSection(SolutionProperties) = preSolution
		HideSolutionNode = FALSE
	EndGlobalSection
	GlobalSection(ExtensibilityGlobals) = postSolution
		SolutionGuid = {505ADEC4-C149-491B-89E5-F2C82ABC1240}
	EndGlobalSection
EndGlobal
