
Microsoft Visual Studio Solution File, Format Version 12.00
# Visual Studio Version 17
VisualStudioVersion = 17.4.33205.214
MinimumVisualStudioVersion = 10.0.40219.1
Project("{FAE04EC0-301F-11D3-BF4B-00C04F79EFBC}") = "lab2", "lab2\lab2.csproj", "{6325A916-1458-4950-9A15-2F6F33EC99AF}"
EndProject
Project("{FAE04EC0-301F-11D3-BF4B-00C04F79EFBC}") = "lab2_Individual", "lab2_Individual\lab2_Individual.csproj", "{A0B04241-CD86-480A-BF4E-B3EC825D9046}"
EndProject
Global
	GlobalSection(SolutionConfigurationPlatforms) = preSolution
		Debug|Any CPU = Debug|Any CPU
		Release|Any CPU = Release|Any CPU
	EndGlobalSection
	GlobalSection(ProjectConfigurationPlatforms) = postSolution
		{6325A916-1458-4950-9A15-2F6F33EC99AF}.Debug|Any CPU.ActiveCfg = Debug|Any CPU
		{6325A916-1458-4950-9A15-2F6F33EC99AF}.Debug|Any CPU.Build.0 = Debug|Any CPU
		{6325A916-1458-4950-9A15-2F6F33EC99AF}.Release|Any CPU.ActiveCfg = Release|Any CPU
		{6325A916-1458-4950-9A15-2F6F33EC99AF}.Release|Any CPU.Build.0 = Release|Any CPU
		{A0B04241-CD86-480A-BF4E-B3EC825D9046}.Debug|Any CPU.ActiveCfg = Debug|Any CPU
		{A0B04241-CD86-480A-BF4E-B3EC825D9046}.Debug|Any CPU.Build.0 = Debug|Any CPU
		{A0B04241-CD86-480A-BF4E-B3EC825D9046}.Release|Any CPU.ActiveCfg = Release|Any CPU
		{A0B04241-CD86-480A-BF4E-B3EC825D9046}.Release|Any CPU.Build.0 = Release|Any CPU
	EndGlobalSection
	GlobalSection(SolutionProperties) = preSolution
		HideSolutionNode = FALSE
	EndGlobalSection
	GlobalSection(ExtensibilityGlobals) = postSolution
		SolutionGuid = {FF2267CF-7F24-4737-89C3-198C9B3C0289}
	EndGlobalSection
EndGlobal
