
Microsoft Visual Studio Solution File, Format Version 12.00
# Visual Studio Version 17
VisualStudioVersion = 17.5.33516.290
MinimumVisualStudioVersion = 10.0.40219.1
Project("{FAE04EC0-301F-11D3-BF4B-00C04F79EFBC}") = "lab7", "lab7\lab7.csproj", "{670424C1-B522-41FA-BEEA-115F8FC00C21}"
EndProject
Project("{FAE04EC0-301F-11D3-BF4B-00C04F79EFBC}") = "lab8", "lab8\lab8.csproj", "{64808E3C-6D2C-497E-8ABE-06F6D50E88E3}"
EndProject
Global
	GlobalSection(SolutionConfigurationPlatforms) = preSolution
		Debug|Any CPU = Debug|Any CPU
		Release|Any CPU = Release|Any CPU
	EndGlobalSection
	GlobalSection(ProjectConfigurationPlatforms) = postSolution
		{670424C1-B522-41FA-BEEA-115F8FC00C21}.Debug|Any CPU.ActiveCfg = Debug|Any CPU
		{670424C1-B522-41FA-BEEA-115F8FC00C21}.Debug|Any CPU.Build.0 = Debug|Any CPU
		{670424C1-B522-41FA-BEEA-115F8FC00C21}.Release|Any CPU.ActiveCfg = Release|Any CPU
		{670424C1-B522-41FA-BEEA-115F8FC00C21}.Release|Any CPU.Build.0 = Release|Any CPU
		{64808E3C-6D2C-497E-8ABE-06F6D50E88E3}.Debug|Any CPU.ActiveCfg = Debug|Any CPU
		{64808E3C-6D2C-497E-8ABE-06F6D50E88E3}.Debug|Any CPU.Build.0 = Debug|Any CPU
		{64808E3C-6D2C-497E-8ABE-06F6D50E88E3}.Release|Any CPU.ActiveCfg = Release|Any CPU
		{64808E3C-6D2C-497E-8ABE-06F6D50E88E3}.Release|Any CPU.Build.0 = Release|Any CPU
	EndGlobalSection
	GlobalSection(SolutionProperties) = preSolution
		HideSolutionNode = FALSE
	EndGlobalSection
	GlobalSection(ExtensibilityGlobals) = postSolution
		SolutionGuid = {5C79D8D7-F2EE-43FA-A769-188D05228E02}
	EndGlobalSection
EndGlobal
