
Microsoft Visual Studio Solution File, Format Version 12.00
# Visual Studio Version 17
VisualStudioVersion = 17.7.34031.279
MinimumVisualStudioVersion = 10.0.40219.1
Project("{FAE04EC0-301F-11D3-BF4B-00C04F79EFBC}") = "lab7", "lab7\lab7.csproj", "{C518F9C3-9C3C-4E35-8356-0DFAC8996B6B}"
EndProject
Project("{FAE04EC0-301F-11D3-BF4B-00C04F79EFBC}") = "lab7_2", "lab7_2\lab7_2.csproj", "{6F0FC16B-DDB7-4634-A939-CCA9C77C7A5A}"
EndProject
Project("{FAE04EC0-301F-11D3-BF4B-00C04F79EFBC}") = "lab7_3", "lab7_3\lab7_3.csproj", "{06927A1E-25F5-4614-B03D-41DFD5C2E286}"
EndProject
Project("{FAE04EC0-301F-11D3-BF4B-00C04F79EFBC}") = "lab7_4", "lab7_4\lab7_4.csproj", "{E8ECE9A8-5F61-4E92-BA7D-0055A1A4E071}"
EndProject
Project("{FAE04EC0-301F-11D3-BF4B-00C04F79EFBC}") = "lab7_5", "lab7_5\lab7_5.csproj", "{2CB7623E-C7BC-487E-B8D3-396BBA4743AC}"
EndProject
Project("{FAE04EC0-301F-11D3-BF4B-00C04F79EFBC}") = "lab7_6", "lab7_6\lab7_6.csproj", "{787E33A1-B87E-4807-9EDF-A52F611EFC7C}"
EndProject
Project("{FAE04EC0-301F-11D3-BF4B-00C04F79EFBC}") = "lab7_7", "lab7_7\lab7_7.csproj", "{5A8A29A7-3D98-40AA-AC98-049EFF2AF5BF}"
EndProject
Project("{FAE04EC0-301F-11D3-BF4B-00C04F79EFBC}") = "lab7_8", "lab7_8\lab7_8.csproj", "{5D346236-04D9-4007-8FE1-A0086C7F4A59}"
EndProject
Project("{FAE04EC0-301F-11D3-BF4B-00C04F79EFBC}") = "lab7_9", "lab7_9\lab7_9.csproj", "{CAD7E4C0-C301-4F00-B99F-7F76C381A086}"
EndProject
Project("{FAE04EC0-301F-11D3-BF4B-00C04F79EFBC}") = "lab7_10", "lab7_10\lab7_10.csproj", "{BA05513E-2B76-4E7A-AB4E-CBA06D368488}"
EndProject
Project("{FAE04EC0-301F-11D3-BF4B-00C04F79EFBC}") = "lab7_11", "7_11\lab7_11.csproj", "{9B172225-65C6-482C-AB3B-F88D552D48D4}"
EndProject
Project("{FAE04EC0-301F-11D3-BF4B-00C04F79EFBC}") = "lab7_12", "lab7_12\lab7_12.csproj", "{9903F493-7882-4438-A4AD-DD9C72DD9084}"
EndProject
Project("{FAE04EC0-301F-11D3-BF4B-00C04F79EFBC}") = "lab7_14", "lab7_14\lab7_14.csproj", "{518F8DD2-7CAD-480D-957E-C3AD16103318}"
EndProject
Project("{FAE04EC0-301F-11D3-BF4B-00C04F79EFBC}") = "lab7_16", "lab7_16\lab7_16.csproj", "{3969EDC8-271D-42A8-947A-E4F6A3BED20C}"
EndProject
Project("{FAE04EC0-301F-11D3-BF4B-00C04F79EFBC}") = "lab7_18", "lab7_18\lab7_18.csproj", "{292386BE-67DB-4644-BCC9-3494DB07FC25}"
EndProject
Global
	GlobalSection(SolutionConfigurationPlatforms) = preSolution
		Debug|Any CPU = Debug|Any CPU
		Release|Any CPU = Release|Any CPU
	EndGlobalSection
	GlobalSection(ProjectConfigurationPlatforms) = postSolution
		{C518F9C3-9C3C-4E35-8356-0DFAC8996B6B}.Debug|Any CPU.ActiveCfg = Debug|Any CPU
		{C518F9C3-9C3C-4E35-8356-0DFAC8996B6B}.Debug|Any CPU.Build.0 = Debug|Any CPU
		{C518F9C3-9C3C-4E35-8356-0DFAC8996B6B}.Release|Any CPU.ActiveCfg = Release|Any CPU
		{C518F9C3-9C3C-4E35-8356-0DFAC8996B6B}.Release|Any CPU.Build.0 = Release|Any CPU
		{6F0FC16B-DDB7-4634-A939-CCA9C77C7A5A}.Debug|Any CPU.ActiveCfg = Debug|Any CPU
		{6F0FC16B-DDB7-4634-A939-CCA9C77C7A5A}.Debug|Any CPU.Build.0 = Debug|Any CPU
		{6F0FC16B-DDB7-4634-A939-CCA9C77C7A5A}.Release|Any CPU.ActiveCfg = Release|Any CPU
		{6F0FC16B-DDB7-4634-A939-CCA9C77C7A5A}.Release|Any CPU.Build.0 = Release|Any CPU
		{06927A1E-25F5-4614-B03D-41DFD5C2E286}.Debug|Any CPU.ActiveCfg = Debug|Any CPU
		{06927A1E-25F5-4614-B03D-41DFD5C2E286}.Debug|Any CPU.Build.0 = Debug|Any CPU
		{06927A1E-25F5-4614-B03D-41DFD5C2E286}.Release|Any CPU.ActiveCfg = Release|Any CPU
		{06927A1E-25F5-4614-B03D-41DFD5C2E286}.Release|Any CPU.Build.0 = Release|Any CPU
		{E8ECE9A8-5F61-4E92-BA7D-0055A1A4E071}.Debug|Any CPU.ActiveCfg = Debug|Any CPU
		{E8ECE9A8-5F61-4E92-BA7D-0055A1A4E071}.Debug|Any CPU.Build.0 = Debug|Any CPU
		{E8ECE9A8-5F61-4E92-BA7D-0055A1A4E071}.Release|Any CPU.ActiveCfg = Release|Any CPU
		{E8ECE9A8-5F61-4E92-BA7D-0055A1A4E071}.Release|Any CPU.Build.0 = Release|Any CPU
		{2CB7623E-C7BC-487E-B8D3-396BBA4743AC}.Debug|Any CPU.ActiveCfg = Debug|Any CPU
		{2CB7623E-C7BC-487E-B8D3-396BBA4743AC}.Debug|Any CPU.Build.0 = Debug|Any CPU
		{2CB7623E-C7BC-487E-B8D3-396BBA4743AC}.Release|Any CPU.ActiveCfg = Release|Any CPU
		{2CB7623E-C7BC-487E-B8D3-396BBA4743AC}.Release|Any CPU.Build.0 = Release|Any CPU
		{787E33A1-B87E-4807-9EDF-A52F611EFC7C}.Debug|Any CPU.ActiveCfg = Debug|Any CPU
		{787E33A1-B87E-4807-9EDF-A52F611EFC7C}.Debug|Any CPU.Build.0 = Debug|Any CPU
		{787E33A1-B87E-4807-9EDF-A52F611EFC7C}.Release|Any CPU.ActiveCfg = Release|Any CPU
		{787E33A1-B87E-4807-9EDF-A52F611EFC7C}.Release|Any CPU.Build.0 = Release|Any CPU
		{5A8A29A7-3D98-40AA-AC98-049EFF2AF5BF}.Debug|Any CPU.ActiveCfg = Debug|Any CPU
		{5A8A29A7-3D98-40AA-AC98-049EFF2AF5BF}.Debug|Any CPU.Build.0 = Debug|Any CPU
		{5A8A29A7-3D98-40AA-AC98-049EFF2AF5BF}.Release|Any CPU.ActiveCfg = Release|Any CPU
		{5A8A29A7-3D98-40AA-AC98-049EFF2AF5BF}.Release|Any CPU.Build.0 = Release|Any CPU
		{5D346236-04D9-4007-8FE1-A0086C7F4A59}.Debug|Any CPU.ActiveCfg = Debug|Any CPU
		{5D346236-04D9-4007-8FE1-A0086C7F4A59}.Debug|Any CPU.Build.0 = Debug|Any CPU
		{5D346236-04D9-4007-8FE1-A0086C7F4A59}.Release|Any CPU.ActiveCfg = Release|Any CPU
		{5D346236-04D9-4007-8FE1-A0086C7F4A59}.Release|Any CPU.Build.0 = Release|Any CPU
		{CAD7E4C0-C301-4F00-B99F-7F76C381A086}.Debug|Any CPU.ActiveCfg = Debug|Any CPU
		{CAD7E4C0-C301-4F00-B99F-7F76C381A086}.Debug|Any CPU.Build.0 = Debug|Any CPU
		{CAD7E4C0-C301-4F00-B99F-7F76C381A086}.Release|Any CPU.ActiveCfg = Release|Any CPU
		{CAD7E4C0-C301-4F00-B99F-7F76C381A086}.Release|Any CPU.Build.0 = Release|Any CPU
		{BA05513E-2B76-4E7A-AB4E-CBA06D368488}.Debug|Any CPU.ActiveCfg = Debug|Any CPU
		{BA05513E-2B76-4E7A-AB4E-CBA06D368488}.Debug|Any CPU.Build.0 = Debug|Any CPU
		{BA05513E-2B76-4E7A-AB4E-CBA06D368488}.Release|Any CPU.ActiveCfg = Release|Any CPU
		{BA05513E-2B76-4E7A-AB4E-CBA06D368488}.Release|Any CPU.Build.0 = Release|Any CPU
		{9B172225-65C6-482C-AB3B-F88D552D48D4}.Debug|Any CPU.ActiveCfg = Debug|Any CPU
		{9B172225-65C6-482C-AB3B-F88D552D48D4}.Debug|Any CPU.Build.0 = Debug|Any CPU
		{9B172225-65C6-482C-AB3B-F88D552D48D4}.Release|Any CPU.ActiveCfg = Release|Any CPU
		{9B172225-65C6-482C-AB3B-F88D552D48D4}.Release|Any CPU.Build.0 = Release|Any CPU
		{9903F493-7882-4438-A4AD-DD9C72DD9084}.Debug|Any CPU.ActiveCfg = Debug|Any CPU
		{9903F493-7882-4438-A4AD-DD9C72DD9084}.Debug|Any CPU.Build.0 = Debug|Any CPU
		{9903F493-7882-4438-A4AD-DD9C72DD9084}.Release|Any CPU.ActiveCfg = Release|Any CPU
		{9903F493-7882-4438-A4AD-DD9C72DD9084}.Release|Any CPU.Build.0 = Release|Any CPU
		{518F8DD2-7CAD-480D-957E-C3AD16103318}.Debug|Any CPU.ActiveCfg = Debug|Any CPU
		{518F8DD2-7CAD-480D-957E-C3AD16103318}.Debug|Any CPU.Build.0 = Debug|Any CPU
		{518F8DD2-7CAD-480D-957E-C3AD16103318}.Release|Any CPU.ActiveCfg = Release|Any CPU
		{518F8DD2-7CAD-480D-957E-C3AD16103318}.Release|Any CPU.Build.0 = Release|Any CPU
		{3969EDC8-271D-42A8-947A-E4F6A3BED20C}.Debug|Any CPU.ActiveCfg = Debug|Any CPU
		{3969EDC8-271D-42A8-947A-E4F6A3BED20C}.Debug|Any CPU.Build.0 = Debug|Any CPU
		{3969EDC8-271D-42A8-947A-E4F6A3BED20C}.Release|Any CPU.ActiveCfg = Release|Any CPU
		{3969EDC8-271D-42A8-947A-E4F6A3BED20C}.Release|Any CPU.Build.0 = Release|Any CPU
		{292386BE-67DB-4644-BCC9-3494DB07FC25}.Debug|Any CPU.ActiveCfg = Debug|Any CPU
		{292386BE-67DB-4644-BCC9-3494DB07FC25}.Debug|Any CPU.Build.0 = Debug|Any CPU
		{292386BE-67DB-4644-BCC9-3494DB07FC25}.Release|Any CPU.ActiveCfg = Release|Any CPU
		{292386BE-67DB-4644-BCC9-3494DB07FC25}.Release|Any CPU.Build.0 = Release|Any CPU
	EndGlobalSection
	GlobalSection(SolutionProperties) = preSolution
		HideSolutionNode = FALSE
	EndGlobalSection
	GlobalSection(ExtensibilityGlobals) = postSolution
		SolutionGuid = {50CB1CF9-2573-48E3-9935-8BEA86387899}
	EndGlobalSection
EndGlobal
