
Microsoft Visual Studio Solution File, Format Version 12.00
# Visual Studio Version 17
VisualStudioVersion = 17.7.34031.279
MinimumVisualStudioVersion = 10.0.40219.1
Project("{FAE04EC0-301F-11D3-BF4B-00C04F79EFBC}") = "lab9", "lab9\lab9.csproj", "{3A433FE0-6E68-4A97-94B9-E14506F2C1CD}"
EndProject
Global
	GlobalSection(SolutionConfigurationPlatforms) = preSolution
		Debug|Any CPU = Debug|Any CPU
		Release|Any CPU = Release|Any CPU
	EndGlobalSection
	GlobalSection(ProjectConfigurationPlatforms) = postSolution
		{3A433FE0-6E68-4A97-94B9-E14506F2C1CD}.Debug|Any CPU.ActiveCfg = Debug|Any CPU
		{3A433FE0-6E68-4A97-94B9-E14506F2C1CD}.Debug|Any CPU.Build.0 = Debug|Any CPU
		{3A433FE0-6E68-4A97-94B9-E14506F2C1CD}.Release|Any CPU.ActiveCfg = Release|Any CPU
		{3A433FE0-6E68-4A97-94B9-E14506F2C1CD}.Release|Any CPU.Build.0 = Release|Any CPU
	EndGlobalSection
	GlobalSection(SolutionProperties) = preSolution
		HideSolutionNode = FALSE
	EndGlobalSection
	GlobalSection(ExtensibilityGlobals) = postSolution
		SolutionGuid = {BE6F8DE0-0DCE-4D02-A13F-5367F51F89CB}
	EndGlobalSection
EndGlobal
