
Microsoft Visual Studio Solution File, Format Version 12.00
# Visual Studio Version 17
VisualStudioVersion = 17.5.33502.453
MinimumVisualStudioVersion = 10.0.40219.1
Project("{FAE04EC0-301F-11D3-BF4B-00C04F79EFBC}") = "lab4", "lab4\lab4.csproj", "{6741FC8C-FF5A-4964-8CC1-7B4EC5E14B49}"
EndProject
Project("{2150E333-8FDC-42A3-9474-1A3956D46DE8}") = "Элементы решения", "Элементы решения", "{78F1B1E2-5503-4FAA-A3E7-85D8E313C5C6}"
	ProjectSection(SolutionItems) = preProject
		..\..\Desktop\11.bat = ..\..\Desktop\11.bat
	EndProjectSection
EndProject
Project("{FAE04EC0-301F-11D3-BF4B-00C04F79EFBC}") = "lab4_Общее", "lab4_Общее\lab4_Общее.csproj", "{B6162AEB-9291-4A19-8BFA-561D06A65FFF}"
EndProject
Global
	GlobalSection(SolutionConfigurationPlatforms) = preSolution
		Debug|Any CPU = Debug|Any CPU
		Release|Any CPU = Release|Any CPU
	EndGlobalSection
	GlobalSection(ProjectConfigurationPlatforms) = postSolution
		{6741FC8C-FF5A-4964-8CC1-7B4EC5E14B49}.Debug|Any CPU.ActiveCfg = Debug|Any CPU
		{6741FC8C-FF5A-4964-8CC1-7B4EC5E14B49}.Debug|Any CPU.Build.0 = Debug|Any CPU
		{6741FC8C-FF5A-4964-8CC1-7B4EC5E14B49}.Release|Any CPU.ActiveCfg = Release|Any CPU
		{6741FC8C-FF5A-4964-8CC1-7B4EC5E14B49}.Release|Any CPU.Build.0 = Release|Any CPU
		{B6162AEB-9291-4A19-8BFA-561D06A65FFF}.Debug|Any CPU.ActiveCfg = Debug|Any CPU
		{B6162AEB-9291-4A19-8BFA-561D06A65FFF}.Debug|Any CPU.Build.0 = Debug|Any CPU
		{B6162AEB-9291-4A19-8BFA-561D06A65FFF}.Release|Any CPU.ActiveCfg = Release|Any CPU
		{B6162AEB-9291-4A19-8BFA-561D06A65FFF}.Release|Any CPU.Build.0 = Release|Any CPU
	EndGlobalSection
	GlobalSection(SolutionProperties) = preSolution
		HideSolutionNode = FALSE
	EndGlobalSection
	GlobalSection(ExtensibilityGlobals) = postSolution
		SolutionGuid = {E3F5C28C-A80D-415F-8F73-53B10FCCF305}
	EndGlobalSection
EndGlobal
